
Microsoft Visual Studio Solution File, Format Version 12.00
# Visual Studio Version 16
VisualStudioVersion = 16.0.29230.47
MinimumVisualStudioVersion = 10.0.40219.1
Project("{FAE04EC0-301F-11D3-BF4B-00C04F79EFBC}") = "DoSomethingWithDoubleLinkedList", "DoSomethingWithDoubleLinkedList\DoSomethingWithDoubleLinkedList.csproj", "{678AF80F-C727-48A5-982B-FCA4A96DF755}"
EndProject
Global
	GlobalSection(SolutionConfigurationPlatforms) = preSolution
		Debug|Any CPU = Debug|Any CPU
		Release|Any CPU = Release|Any CPU
	EndGlobalSection
	GlobalSection(ProjectConfigurationPlatforms) = postSolution
		{678AF80F-C727-48A5-982B-FCA4A96DF755}.Debug|Any CPU.ActiveCfg = Debug|Any CPU
		{678AF80F-C727-48A5-982B-FCA4A96DF755}.Debug|Any CPU.Build.0 = Debug|Any CPU
		{678AF80F-C727-48A5-982B-FCA4A96DF755}.Release|Any CPU.ActiveCfg = Release|Any CPU
		{678AF80F-C727-48A5-982B-FCA4A96DF755}.Release|Any CPU.Build.0 = Release|Any CPU
	EndGlobalSection
	GlobalSection(SolutionProperties) = preSolution
		HideSolutionNode = FALSE
	EndGlobalSection
	GlobalSection(ExtensibilityGlobals) = postSolution
		SolutionGuid = {D8B87F4A-B15F-40D3-8824-E8F6DEA7BC66}
	EndGlobalSection
EndGlobal
